
Microsoft Visual Studio Solution File, Format Version 12.00
# Visual Studio Version 17
VisualStudioVersion = 17.0.31903.59
MinimumVisualStudioVersion = 10.0.40219.1
Project("{2150E333-8FDC-42A3-9474-1A3956D46DE8}") = "src", "src", "{F9E27B1D-D615-47B0-855E-7CB166F60358}"
EndProject
Project("{FAE04EC0-301F-11D3-BF4B-00C04F79EFBC}") = "AuctionService", "src\AuctionService\AuctionService.csproj", "{3B94389A-F6A6-4A28-B4E2-489170900A6F}"
EndProject
Project("{FAE04EC0-301F-11D3-BF4B-00C04F79EFBC}") = "SearchService", "src\SearchService\SearchService.csproj", "{BD863B1F-1627-45B7-99D9-88FB0382A192}"
EndProject
Project("{FAE04EC0-301F-11D3-BF4B-00C04F79EFBC}") = "Contracts", "src\Contracts\Contracts.csproj", "{7A432BE5-AD3F-4F9C-9070-6E84758BEF5F}"
EndProject
Project("{FAE04EC0-301F-11D3-BF4B-00C04F79EFBC}") = "IdentityService", "src\IdentityService\IdentityService.csproj", "{29AF7E2C-09AC-4879-A516-DC20C6D651AE}"
EndProject
Project("{FAE04EC0-301F-11D3-BF4B-00C04F79EFBC}") = "GatewayService", "src\GatewayService\GatewayService.csproj", "{2F79D99D-88C3-49A5-AEC0-420C3A99CA1F}"
EndProject
Global
	GlobalSection(SolutionConfigurationPlatforms) = preSolution
		Debug|Any CPU = Debug|Any CPU
		Release|Any CPU = Release|Any CPU
	EndGlobalSection
	GlobalSection(SolutionProperties) = preSolution
		HideSolutionNode = FALSE
	EndGlobalSection
	GlobalSection(ProjectConfigurationPlatforms) = postSolution
		{3B94389A-F6A6-4A28-B4E2-489170900A6F}.Debug|Any CPU.ActiveCfg = Debug|Any CPU
		{3B94389A-F6A6-4A28-B4E2-489170900A6F}.Debug|Any CPU.Build.0 = Debug|Any CPU
		{3B94389A-F6A6-4A28-B4E2-489170900A6F}.Release|Any CPU.ActiveCfg = Release|Any CPU
		{3B94389A-F6A6-4A28-B4E2-489170900A6F}.Release|Any CPU.Build.0 = Release|Any CPU
		{BD863B1F-1627-45B7-99D9-88FB0382A192}.Debug|Any CPU.ActiveCfg = Debug|Any CPU
		{BD863B1F-1627-45B7-99D9-88FB0382A192}.Debug|Any CPU.Build.0 = Debug|Any CPU
		{BD863B1F-1627-45B7-99D9-88FB0382A192}.Release|Any CPU.ActiveCfg = Release|Any CPU
		{BD863B1F-1627-45B7-99D9-88FB0382A192}.Release|Any CPU.Build.0 = Release|Any CPU
		{7A432BE5-AD3F-4F9C-9070-6E84758BEF5F}.Debug|Any CPU.ActiveCfg = Debug|Any CPU
		{7A432BE5-AD3F-4F9C-9070-6E84758BEF5F}.Debug|Any CPU.Build.0 = Debug|Any CPU
		{7A432BE5-AD3F-4F9C-9070-6E84758BEF5F}.Release|Any CPU.ActiveCfg = Release|Any CPU
		{7A432BE5-AD3F-4F9C-9070-6E84758BEF5F}.Release|Any CPU.Build.0 = Release|Any CPU
		{29AF7E2C-09AC-4879-A516-DC20C6D651AE}.Debug|Any CPU.ActiveCfg = Debug|Any CPU
		{29AF7E2C-09AC-4879-A516-DC20C6D651AE}.Debug|Any CPU.Build.0 = Debug|Any CPU
		{29AF7E2C-09AC-4879-A516-DC20C6D651AE}.Release|Any CPU.ActiveCfg = Release|Any CPU
		{29AF7E2C-09AC-4879-A516-DC20C6D651AE}.Release|Any CPU.Build.0 = Release|Any CPU
		{2F79D99D-88C3-49A5-AEC0-420C3A99CA1F}.Debug|Any CPU.ActiveCfg = Debug|Any CPU
		{2F79D99D-88C3-49A5-AEC0-420C3A99CA1F}.Debug|Any CPU.Build.0 = Debug|Any CPU
		{2F79D99D-88C3-49A5-AEC0-420C3A99CA1F}.Release|Any CPU.ActiveCfg = Release|Any CPU
		{2F79D99D-88C3-49A5-AEC0-420C3A99CA1F}.Release|Any CPU.Build.0 = Release|Any CPU
	EndGlobalSection
	GlobalSection(NestedProjects) = preSolution
		{3B94389A-F6A6-4A28-B4E2-489170900A6F} = {F9E27B1D-D615-47B0-855E-7CB166F60358}
		{BD863B1F-1627-45B7-99D9-88FB0382A192} = {F9E27B1D-D615-47B0-855E-7CB166F60358}
		{7A432BE5-AD3F-4F9C-9070-6E84758BEF5F} = {F9E27B1D-D615-47B0-855E-7CB166F60358}
		{29AF7E2C-09AC-4879-A516-DC20C6D651AE} = {F9E27B1D-D615-47B0-855E-7CB166F60358}
		{2F79D99D-88C3-49A5-AEC0-420C3A99CA1F} = {F9E27B1D-D615-47B0-855E-7CB166F60358}
	EndGlobalSection
EndGlobal
